
Microsoft Visual Studio Solution File, Format Version 12.00
# Visual Studio 2013
VisualStudioVersion = 12.0.31101.0
MinimumVisualStudioVersion = 10.0.40219.1
Project("{FAE04EC0-301F-11D3-BF4B-00C04F79EFBC}") = "01.SortArrayofNumbers", "01.SortArrayofNumbers\01.SortArrayofNumbers.csproj", "{BE26D487-68C4-49A3-B4ED-1494FA3CC7F7}"
EndProject
Project("{FAE04EC0-301F-11D3-BF4B-00C04F79EFBC}") = "02.SortArrayUsingSelectionSort", "02.SortArrayUsingSelectionSort\02.SortArrayUsingSelectionSort.csproj", "{E9D61D73-F963-438E-AD07-33004A789D30}"
EndProject
Project("{FAE04EC0-301F-11D3-BF4B-00C04F79EFBC}") = "03.Min.Max.Average", "03.Min.Max.Average\03.Min.Max.Average.csproj", "{13D11437-17D7-4108-95D2-4B56A2DE868D}"
EndProject
Project("{FAE04EC0-301F-11D3-BF4B-00C04F79EFBC}") = "04.SequencesOfEqualStrings", "04.SequencesOfEqualStrings\04.SequencesOfEqualStrings.csproj", "{44ED2F35-DA80-4C9A-AD2F-2DA6CBA72A00}"
EndProject
Project("{FAE04EC0-301F-11D3-BF4B-00C04F79EFBC}") = "05.LongestIncreasingSequence", "05.LongestIncreasingSequence\05.LongestIncreasingSequence.csproj", "{60404651-DAAC-4ABD-AFC1-9CCB6E4A14D0}"
EndProject
Global
	GlobalSection(SolutionConfigurationPlatforms) = preSolution
		Debug|Any CPU = Debug|Any CPU
		Release|Any CPU = Release|Any CPU
	EndGlobalSection
	GlobalSection(ProjectConfigurationPlatforms) = postSolution
		{BE26D487-68C4-49A3-B4ED-1494FA3CC7F7}.Debug|Any CPU.ActiveCfg = Debug|Any CPU
		{BE26D487-68C4-49A3-B4ED-1494FA3CC7F7}.Debug|Any CPU.Build.0 = Debug|Any CPU
		{BE26D487-68C4-49A3-B4ED-1494FA3CC7F7}.Release|Any CPU.ActiveCfg = Release|Any CPU
		{BE26D487-68C4-49A3-B4ED-1494FA3CC7F7}.Release|Any CPU.Build.0 = Release|Any CPU
		{E9D61D73-F963-438E-AD07-33004A789D30}.Debug|Any CPU.ActiveCfg = Debug|Any CPU
		{E9D61D73-F963-438E-AD07-33004A789D30}.Debug|Any CPU.Build.0 = Debug|Any CPU
		{E9D61D73-F963-438E-AD07-33004A789D30}.Release|Any CPU.ActiveCfg = Release|Any CPU
		{E9D61D73-F963-438E-AD07-33004A789D30}.Release|Any CPU.Build.0 = Release|Any CPU
		{13D11437-17D7-4108-95D2-4B56A2DE868D}.Debug|Any CPU.ActiveCfg = Debug|Any CPU
		{13D11437-17D7-4108-95D2-4B56A2DE868D}.Debug|Any CPU.Build.0 = Debug|Any CPU
		{13D11437-17D7-4108-95D2-4B56A2DE868D}.Release|Any CPU.ActiveCfg = Release|Any CPU
		{13D11437-17D7-4108-95D2-4B56A2DE868D}.Release|Any CPU.Build.0 = Release|Any CPU
		{44ED2F35-DA80-4C9A-AD2F-2DA6CBA72A00}.Debug|Any CPU.ActiveCfg = Debug|Any CPU
		{44ED2F35-DA80-4C9A-AD2F-2DA6CBA72A00}.Debug|Any CPU.Build.0 = Debug|Any CPU
		{44ED2F35-DA80-4C9A-AD2F-2DA6CBA72A00}.Release|Any CPU.ActiveCfg = Release|Any CPU
		{44ED2F35-DA80-4C9A-AD2F-2DA6CBA72A00}.Release|Any CPU.Build.0 = Release|Any CPU
		{60404651-DAAC-4ABD-AFC1-9CCB6E4A14D0}.Debug|Any CPU.ActiveCfg = Debug|Any CPU
		{60404651-DAAC-4ABD-AFC1-9CCB6E4A14D0}.Debug|Any CPU.Build.0 = Debug|Any CPU
		{60404651-DAAC-4ABD-AFC1-9CCB6E4A14D0}.Release|Any CPU.ActiveCfg = Release|Any CPU
		{60404651-DAAC-4ABD-AFC1-9CCB6E4A14D0}.Release|Any CPU.Build.0 = Release|Any CPU
	EndGlobalSection
	GlobalSection(SolutionProperties) = preSolution
		HideSolutionNode = FALSE
	EndGlobalSection
EndGlobal
